
Microsoft Visual Studio Solution File, Format Version 12.00
# Visual Studio Version 16
VisualStudioVersion = 16.0.29613.14
MinimumVisualStudioVersion = 10.0.40219.1
Project("{9A19103F-16F7-4668-BE54-9A1E7A4F7556}") = "Forro.Web", "Forro.Web\Forro.Web.csproj", "{F50C6363-C93B-42C3-B571-6C483824354F}"
EndProject
Global
	GlobalSection(SolutionConfigurationPlatforms) = preSolution
		Debug|Any CPU = Debug|Any CPU
		Release|Any CPU = Release|Any CPU
	EndGlobalSection
	GlobalSection(ProjectConfigurationPlatforms) = postSolution
		{F50C6363-C93B-42C3-B571-6C483824354F}.Debug|Any CPU.ActiveCfg = Debug|Any CPU
		{F50C6363-C93B-42C3-B571-6C483824354F}.Debug|Any CPU.Build.0 = Debug|Any CPU
		{F50C6363-C93B-42C3-B571-6C483824354F}.Release|Any CPU.ActiveCfg = Release|Any CPU
		{F50C6363-C93B-42C3-B571-6C483824354F}.Release|Any CPU.Build.0 = Release|Any CPU
	EndGlobalSection
	GlobalSection(SolutionProperties) = preSolution
		HideSolutionNode = FALSE
	EndGlobalSection
	GlobalSection(ExtensibilityGlobals) = postSolution
		SolutionGuid = {AF7663E4-FCC5-4D2B-929A-BC58C7AE59AC}
	EndGlobalSection
EndGlobal
